{
    "requires": true,
    "lockfileVersion": 1,
    "dependencies": {
        "bootstrap-icons": {
            "version": "1.13.1",
            "resolved": "https://registry.npmjs.org/bootstrap-icons/-/bootstrap-icons-1.13.1.tgz",
            "integrity": "sha512-ijombt4v6bv5CLeXvRWKy7CuM3TRTuPEuGaGKvTV5cz65rQSY8RQ2JcHt6b90cBBAC7s8fsf2EkQDldzCoXUjw=="
        }
    }
}
